// !$*UTF8*$!
{
	archiveVersion = 1;
	classes = {
	};
	objectVersion = 50;
	objects = {

/* Begin PBXBuildFile section */
		DE57429D25BABAE300C26081 /* AppDelegate.swift in Sources */ = {isa = PBXBuildFile; fileRef = DE57429C25BABAE300C26081 /* AppDelegate.swift */; };
		DE57429F25BABAE300C26081 /* SceneDelegate.swift in Sources */ = {isa = PBXBuildFile; fileRef = DE57429E25BABAE300C26081 /* SceneDelegate.swift */; };
		DE5742A125BABAE300C26081 /* ViewController.swift in Sources */ = {isa = PBXBuildFile; fileRef = DE5742A025BABAE300C26081 /* ViewController.swift */; };
		DE5742A425BABAE300C26081 /* Main.storyboard in Resources */ = {isa = PBXBuildFile; fileRef = DE5742A225BABAE300C26081 /* Main.storyboard */; };
		DE5742A625BABAE500C26081 /* Assets.xcassets in Resources */ = {isa = PBXBuildFile; fileRef = DE5742A525BABAE500C26081 /* Assets.xcassets */; };
		DE5742A925BABAE500C26081 /* LaunchScreen.storyboard in Resources */ = {isa = PBXBuildFile; fileRef = DE5742A725BABAE500C26081 /* LaunchScreen.storyboard */; };
		DE5742B425BABAE600C26081 /* DemoRxSwiftTests.swift in Sources */ = {isa = PBXBuildFile; fileRef = DE5742B325BABAE600C26081 /* DemoRxSwiftTests.swift */; };
		DE5742BF25BABAE600C26081 /* DemoRxSwiftUITests.swift in Sources */ = {isa = PBXBuildFile; fileRef = DE5742BE25BABAE600C26081 /* DemoRxSwiftUITests.swift */; };
/* End PBXBuildFile section */

/* Begin PBXContainerItemProxy section */
		DE5742B025BABAE600C26081 /* PBXContainerItemProxy */ = {
			isa = PBXContainerItemProxy;
			containerPortal = DE57429125BABAE200C26081 /* Project object */;
			proxyType = 1;
			remoteGlobalIDString = DE57429825BABAE300C26081;
			remoteInfo = DemoRxSwift;
		};
		DE5742BB25BABAE600C26081 /* PBXContainerItemProxy */ = {
			isa = PBXContainerItemProxy;
			containerPortal = DE57429125BABAE200C26081 /* Project object */;
			proxyType = 1;
			remoteGlobalIDString = DE57429825BABAE300C26081;
			remoteInfo = DemoRxSwift;
		};
/* End PBXContainerItemProxy section */

/* Begin PBXFileReference section */
		DE57429925BABAE300C26081 /* DemoRxSwift.app */ = {isa = PBXFileReference; explicitFileType = wrapper.application; includeInIndex = 0; path = DemoRxSwift.app; sourceTree = BUILT_PRODUCTS_DIR; };
		DE57429C25BABAE300C26081 /* AppDelegate.swift */ = {isa = PBXFileReference; lastKnownFileType = sourcecode.swift; path = AppDelegate.swift; sourceTree = "<group>"; };
		DE57429E25BABAE300C26081 /* SceneDelegate.swift */ = {isa = PBXFileReference; lastKnownFileType = sourcecode.swift; path = SceneDelegate.swift; sourceTree = "<group>"; };
		DE5742A025BABAE300C26081 /* ViewController.swift */ = {isa = PBXFileReference; lastKnownFileType = sourcecode.swift; path = ViewController.swift; sourceTree = "<group>"; };
		DE5742A325BABAE300C26081 /* Base */ = {isa = PBXFileReference; lastKnownFileType = file.storyboard; name = Base; path = Base.lproj/Main.storyboard; sourceTree = "<group>"; };
		DE5742A525BABAE500C26081 /* Assets.xcassets */ = {isa = PBXFileReference; lastKnownFileType = folder.assetcatalog; path = Assets.xcassets; sourceTree = "<group>"; };
		DE5742A825BABAE500C26081 /* Base */ = {isa = PBXFileReference; lastKnownFileType = file.storyboard; name = Base; path = Base.lproj/LaunchScreen.storyboard; sourceTree = "<group>"; };
		DE5742AA25BABAE500C26081 /* Info.plist */ = {isa = PBXFileReference; lastKnownFileType = text.plist.xml; path = Info.plist; sourceTree = "<group>"; };
		DE5742AF25BABAE600C26081 /* DemoRxSwiftTests.xctest */ = {isa = PBXFileReference; explicitFileType = wrapper.cfbundle; includeInIndex = 0; path = DemoRxSwiftTests.xctest; sourceTree = BUILT_PRODUCTS_DIR; };
		DE5742B325BABAE600C26081 /* DemoRxSwiftTests.swift */ = {isa = PBXFileReference; lastKnownFileType = sourcecode.swift; path = DemoRxSwiftTests.swift; sourceTree = "<group>"; };
		DE5742B525BABAE600C26081 /* Info.plist */ = {isa = PBXFileReference; lastKnownFileType = text.plist.xml; path = Info.plist; sourceTree = "<group>"; };
		DE5742BA25BABAE600C26081 /* DemoRxSwiftUITests.xctest */ = {isa = PBXFileReference; explicitFileType = wrapper.cfbundle; includeInIndex = 0; path = DemoRxSwiftUITests.xctest; sourceTree = BUILT_PRODUCTS_DIR; };
		DE5742BE25BABAE600C26081 /* DemoRxSwiftUITests.swift */ = {isa = PBXFileReference; lastKnownFileType = sourcecode.swift; path = DemoRxSwiftUITests.swift; sourceTree = "<group>"; };
		DE5742C025BABAE600C26081 /* Info.plist */ = {isa = PBXFileReference; lastKnownFileType = text.plist.xml; path = Info.plist; sourceTree = "<group>"; };
/* End PBXFileReference section */

/* Begin PBXFrameworksBuildPhase section */
		DE57429625BABAE300C26081 /* Frameworks */ = {
			isa = PBXFrameworksBuildPhase;
			buildActionMask = 2147483647;
			files = (
			);
			runOnlyForDeploymentPostprocessing = 0;
		};
		DE5742AC25BABAE600C26081 /* Frameworks */ = {
			isa = PBXFrameworksBuildPhase;
			buildActionMask = 2147483647;
			files = (
			);
			runOnlyForDeploymentPostprocessing = 0;
		};
		DE5742B725BABAE600C26081 /* Frameworks */ = {
			isa = PBXFrameworksBuildPhase;
			buildActionMask = 2147483647;
			files = (
			);
			runOnlyForDeploymentPostprocessing = 0;
		};
/* End PBXFrameworksBuildPhase section */

/* Begin PBXGroup section */
		DE57429025BABAE200C26081 = {
			isa = PBXGroup;
			children = (
				DE57429B25BABAE300C26081 /* DemoRxSwift */,
				DE5742B225BABAE600C26081 /* DemoRxSwiftTests */,
				DE5742BD25BABAE600C26081 /* DemoRxSwiftUITests */,
				DE57429A25BABAE300C26081 /* Products */,
			);
			sourceTree = "<group>";
		};
		DE57429A25BABAE300C26081 /* Products */ = {
			isa = PBXGroup;
			children = (
				DE57429925BABAE300C26081 /* DemoRxSwift.app */,
				DE5742AF25BABAE600C26081 /* DemoRxSwiftTests.xctest */,
				DE5742BA25BABAE600C26081 /* DemoRxSwiftUITests.xctest */,
			);
			name = Products;
			sourceTree = "<group>";
		};
		DE57429B25BABAE300C26081 /* DemoRxSwift */ = {
			isa = PBXGroup;
			children = (
				DE57429C25BABAE300C26081 /* AppDelegate.swift */,
				DE57429E25BABAE300C26081 /* SceneDelegate.swift */,
				DE5742A025BABAE300C26081 /* ViewController.swift */,
				DE5742A225BABAE300C26081 /* Main.storyboard */,
				DE5742A525BABAE500C26081 /* Assets.xcassets */,
				DE5742A725BABAE500C26081 /* LaunchScreen.storyboard */,
				DE5742AA25BABAE500C26081 /* Info.plist */,
			);
			path = DemoRxSwift;
			sourceTree = "<group>";
		};
		DE5742B225BABAE600C26081 /* DemoRxSwiftTests */ = {
			isa = PBXGroup;
			children = (
				DE5742B325BABAE600C26081 /* DemoRxSwiftTests.swift */,
				DE5742B525BABAE600C26081 /* Info.plist */,
			);
			path = DemoRxSwiftTests;
			sourceTree = "<group>";
		};
		DE5742BD25BABAE600C26081 /* DemoRxSwiftUITests */ = {
			isa = PBXGroup;
			children = (
				DE5742BE25BABAE600C26081 /* DemoRxSwiftUITests.swift */,
				DE5742C025BABAE600C26081 /* Info.plist */,
			);
			path = DemoRxSwiftUITests;
			sourceTree = "<group>";
		};
/* End PBXGroup section */

/* Begin PBXNativeTarget section */
		DE57429825BABAE300C26081 /* DemoRxSwift */ = {
			isa = PBXNativeTarget;
			buildConfigurationList = DE5742C325BABAE600C26081 /* Build configuration list for PBXNativeTarget "DemoRxSwift" */;
			buildPhases = (
				DE57429525BABAE300C26081 /* Sources */,
				DE57429625BABAE300C26081 /* Frameworks */,
				DE57429725BABAE300C26081 /* Resources */,
			);
			buildRules = (
			);
			dependencies = (
			);
			name = DemoRxSwift;
			productName = DemoRxSwift;
			productReference = DE57429925BABAE300C26081 /* DemoRxSwift.app */;
			productType = "com.apple.product-type.application";
		};
		DE5742AE25BABAE600C26081 /* DemoRxSwiftTests */ = {
			isa = PBXNativeTarget;
			buildConfigurationList = DE5742C625BABAE600C26081 /* Build configuration list for PBXNativeTarget "DemoRxSwiftTests" */;
			buildPhases = (
				DE5742AB25BABAE600C26081 /* Sources */,
				DE5742AC25BABAE600C26081 /* Frameworks */,
				DE5742AD25BABAE600C26081 /* Resources */,
			);
			buildRules = (
			);
			dependencies = (
				DE5742B125BABAE600C26081 /* PBXTargetDependency */,
			);
			name = DemoRxSwiftTests;
			productName = DemoRxSwiftTests;
			productReference = DE5742AF25BABAE600C26081 /* DemoRxSwiftTests.xctest */;
			productType = "com.apple.product-type.bundle.unit-test";
		};
		DE5742B925BABAE600C26081 /* DemoRxSwiftUITests */ = {
			isa = PBXNativeTarget;
			buildConfigurationList = DE5742C925BABAE600C26081 /* Build configuration list for PBXNativeTarget "DemoRxSwiftUITests" */;
			buildPhases = (
				DE5742B625BABAE600C26081 /* Sources */,
				DE5742B725BABAE600C26081 /* Frameworks */,
				DE5742B825BABAE600C26081 /* Resources */,
			);
			buildRules = (
			);
			dependencies = (
				DE5742BC25BABAE600C26081 /* PBXTargetDependency */,
			);
			name = DemoRxSwiftUITests;
			productName = DemoRxSwiftUITests;
			productReference = DE5742BA25BABAE600C26081 /* DemoRxSwiftUITests.xctest */;
			productType = "com.apple.product-type.bundle.ui-testing";
		};
/* End PBXNativeTarget section */

/* Begin PBXProject section */
		DE57429125BABAE200C26081 /* Project object */ = {
			isa = PBXProject;
			attributes = {
				LastSwiftUpdateCheck = 1220;
				LastUpgradeCheck = 1220;
				TargetAttributes = {
					DE57429825BABAE300C26081 = {
						CreatedOnToolsVersion = 12.2;
					};
					DE5742AE25BABAE600C26081 = {
						CreatedOnToolsVersion = 12.2;
						TestTargetID = DE57429825BABAE300C26081;
					};
					DE5742B925BABAE600C26081 = {
						CreatedOnToolsVersion = 12.2;
						TestTargetID = DE57429825BABAE300C26081;
					};
				};
			};
			buildConfigurationList = DE57429425BABAE200C26081 /* Build configuration list for PBXProject "DemoRxSwift" */;
			compatibilityVersion = "Xcode 9.3";
			developmentRegion = en;
			hasScannedForEncodings = 0;
			knownRegions = (
				en,
				Base,
			);
			mainGroup = DE57429025BABAE200C26081;
			productRefGroup = DE57429A25BABAE300C26081 /* Products */;
			projectDirPath = "";
			projectRoot = "";
			targets = (
				DE57429825BABAE300C26081 /* DemoRxSwift */,
				DE5742AE25BABAE600C26081 /* DemoRxSwiftTests */,
				DE5742B925BABAE600C26081 /* DemoRxSwiftUITests */,
			);
		};
/* End PBXProject section */

/* Begin PBXResourcesBuildPhase section */
		DE57429725BABAE300C26081 /* Resources */ = {
			isa = PBXResourcesBuildPhase;
			buildActionMask = 2147483647;
			files = (
				DE5742A925BABAE500C26081 /* LaunchScreen.storyboard in Resources */,
				DE5742A625BABAE500C26081 /* Assets.xcassets in Resources */,
				DE5742A425BABAE300C26081 /* Main.storyboard in Resources */,
			);
			runOnlyForDeploymentPostprocessing = 0;
		};
		DE5742AD25BABAE600C26081 /* Resources */ = {
			isa = PBXResourcesBuildPhase;
			buildActionMask = 2147483647;
			files = (
			);
			runOnlyForDeploymentPostprocessing = 0;
		};
		DE5742B825BABAE600C26081 /* Resources */ = {
			isa = PBXResourcesBuildPhase;
			buildActionMask = 2147483647;
			files = (
			);
			runOnlyForDeploymentPostprocessing = 0;
		};
/* End PBXResourcesBuildPhase section */

/* Begin PBXSourcesBuildPhase section */
		DE57429525BABAE300C26081 /* Sources */ = {
			isa = PBXSourcesBuildPhase;
			buildActionMask = 2147483647;
			files = (
				DE5742A125BABAE300C26081 /* ViewController.swift in Sources */,
				DE57429D25BABAE300C26081 /* AppDelegate.swift in Sources */,
				DE57429F25BABAE300C26081 /* SceneDelegate.swift in Sources */,
			);
			runOnlyForDeploymentPostprocessing = 0;
		};
		DE5742AB25BABAE600C26081 /* Sources */ = {
			isa = PBXSourcesBuildPhase;
			buildActionMask = 2147483647;
			files = (
				DE5742B425BABAE600C26081 /* DemoRxSwiftTests.swift in Sources */,
			);
			runOnlyForDeploymentPostprocessing = 0;
		};
		DE5742B625BABAE600C26081 /* Sources */ = {
			isa = PBXSourcesBuildPhase;
			buildActionMask = 2147483647;
			files = (
				DE5742BF25BABAE600C26081 /* DemoRxSwiftUITests.swift in Sources */,
			);
			runOnlyForDeploymentPostprocessing = 0;
		};
/* End PBXSourcesBuildPhase section */

/* Begin PBXTargetDependency section */
		DE5742B125BABAE600C26081 /* PBXTargetDependency */ = {
			isa = PBXTargetDependency;
			target = DE57429825BABAE300C26081 /* DemoRxSwift */;
			targetProxy = DE5742B025BABAE600C26081 /* PBXContainerItemProxy */;
		};
		DE5742BC25BABAE600C26081 /* PBXTargetDependency */ = {
			isa = PBXTargetDependency;
			target = DE57429825BABAE300C26081 /* DemoRxSwift */;
			targetProxy = DE5742BB25BABAE600C26081 /* PBXContainerItemProxy */;
		};
/* End PBXTargetDependency section */

/* Begin PBXVariantGroup section */
		DE5742A225BABAE300C26081 /* Main.storyboard */ = {
			isa = PBXVariantGroup;
			children = (
				DE5742A325BABAE300C26081 /* Base */,
			);
			name = Main.storyboard;
			sourceTree = "<group>";
		};
		DE5742A725BABAE500C26081 /* LaunchScreen.storyboard */ = {
			isa = PBXVariantGroup;
			children = (
				DE5742A825BABAE500C26081 /* Base */,
			);
			name = LaunchScreen.storyboard;
			sourceTree = "<group>";
		};
/* End PBXVariantGroup section */

/* Begin XCBuildConfiguration section */
		DE5742C125BABAE600C26081 /* Debug */ = {
			isa = XCBuildConfiguration;
			buildSettings = {
				ALWAYS_SEARCH_USER_PATHS = NO;
				CLANG_ANALYZER_NONNULL = YES;
				CLANG_ANALYZER_NUMBER_OBJECT_CONVERSION = YES_AGGRESSIVE;
				CLANG_CXX_LANGUAGE_STANDARD = "gnu++14";
				CLANG_CXX_LIBRARY = "libc++";
				CLANG_ENABLE_MODULES = YES;
				CLANG_ENABLE_OBJC_ARC = YES;
				CLANG_ENABLE_OBJC_WEAK = YES;
				CLANG_WARN_BLOCK_CAPTURE_AUTORELEASING = YES;
				CLANG_WARN_BOOL_CONVERSION = YES;
				CLANG_WARN_COMMA = YES;
				CLANG_WARN_CONSTANT_CONVERSION = YES;
				CLANG_WARN_DEPRECATED_OBJC_IMPLEMENTATIONS = YES;
				CLANG_WARN_DIRECT_OBJC_ISA_USAGE = YES_ERROR;
				CLANG_WARN_DOCUMENTATION_COMMENTS = YES;
				CLANG_WARN_EMPTY_BODY = YES;
				CLANG_WARN_ENUM_CONVERSION = YES;
				CLANG_WARN_INFINITE_RECURSION = YES;
				CLANG_WARN_INT_CONVERSION = YES;
				CLANG_WARN_NON_LITERAL_NULL_CONVERSION = YES;
				CLANG_WARN_OBJC_IMPLICIT_RETAIN_SELF = YES;
				CLANG_WARN_OBJC_LITERAL_CONVERSION = YES;
				CLANG_WARN_OBJC_ROOT_CLASS = YES_ERROR;
				CLANG_WARN_QUOTED_INCLUDE_IN_FRAMEWORK_HEADER = YES;
				CLANG_WARN_RANGE_LOOP_ANALYSIS = YES;
				CLANG_WARN_STRICT_PROTOTYPES = YES;
				CLANG_WARN_SUSPICIOUS_MOVE = YES;
				CLANG_WARN_UNGUARDED_AVAILABILITY = YES_AGGRESSIVE;
				CLANG_WARN_UNREACHABLE_CODE = YES;
				CLANG_WARN__DUPLICATE_METHOD_MATCH = YES;
				COPY_PHASE_STRIP = NO;
				DEBUG_INFORMATION_FORMAT = dwarf;
				ENABLE_STRICT_OBJC_MSGSEND = YES;
				ENABLE_TESTABILITY = YES;
				GCC_C_LANGUAGE_STANDARD = gnu11;
				GCC_DYNAMIC_NO_PIC = NO;
				GCC_NO_COMMON_BLOCKS = YES;
				GCC_OPTIMIZATION_LEVEL = 0;
				GCC_PREPROCESSOR_DEFINITIONS = (
					"DEBUG=1",
					"$(inherited)",
				);
				GCC_WARN_64_TO_32_BIT_CONVERSION = YES;
				GCC_WARN_ABOUT_RETURN_TYPE = YES_ERROR;
				GCC_WARN_UNDECLARED_SELECTOR = YES;
				GCC_WARN_UNINITIALIZED_AUTOS = YES_AGGRESSIVE;
				GCC_WARN_UNUSED_FUNCTION = YES;
				GCC_WARN_UNUSED_VARIABLE = YES;
				IPHONEOS_DEPLOYMENT_TARGET = 14.2;
				MTL_ENABLE_DEBUG_INFO = INCLUDE_SOURCE;
				MTL_FAST_MATH = YES;
				ONLY_ACTIVE_ARCH = YES;
				SDKROOT = iphoneos;
				SWIFT_ACTIVE_COMPILATION_CONDITIONS = DEBUG;
				SWIFT_OPTIMIZATION_LEVEL = "-Onone";
			};
			name = Debug;
		};
		DE5742C225BABAE600C26081 /* Release */ = {
			isa = XCBuildConfiguration;
			buildSettings = {
				ALWAYS_SEARCH_USER_PATHS = NO;
				CLANG_ANALYZER_NONNULL = YES;
				CLANG_ANALYZER_NUMBER_OBJECT_CONVERSION = YES_AGGRESSIVE;
				CLANG_CXX_LANGUAGE_STANDARD = "gnu++14";
				CLANG_CXX_LIBRARY = "libc++";
				CLANG_ENABLE_MODULES = YES;
				CLANG_ENABLE_OBJC_ARC = YES;
				CLANG_ENABLE_OBJC_WEAK = YES;
				CLANG_WARN_BLOCK_CAPTURE_AUTORELEASING = YES;
				CLANG_WARN_BOOL_CONVERSION = YES;
				CLANG_WARN_COMMA = YES;
				CLANG_WARN_CONSTANT_CONVERSION = YES;
				CLANG_WARN_DEPRECATED_OBJC_IMPLEMENTATIONS = YES;
				CLANG_WARN_DIRECT_OBJC_ISA_USAGE = YES_ERROR;
				CLANG_WARN_DOCUMENTATION_COMMENTS = YES;
				CLANG_WARN_EMPTY_BODY = YES;
				CLANG_WARN_ENUM_CONVERSION = YES;
				CLANG_WARN_INFINITE_RECURSION = YES;
				CLANG_WARN_INT_CONVERSION = YES;
				CLANG_WARN_NON_LITERAL_NULL_CONVERSION = YES;
				CLANG_WARN_OBJC_IMPLICIT_RETAIN_SELF = YES;
				CLANG_WARN_OBJC_LITERAL_CONVERSION = YES;
				CLANG_WARN_OBJC_ROOT_CLASS = YES_ERROR;
				CLANG_WARN_QUOTED_INCLUDE_IN_FRAMEWORK_HEADER = YES;
				CLANG_WARN_RANGE_LOOP_ANALYSIS = YES;
				CLANG_WARN_STRICT_PROTOTYPES = YES;
				CLANG_WARN_SUSPICIOUS_MOVE = YES;
				CLANG_WARN_UNGUARDED_AVAILABILITY = YES_AGGRESSIVE;
				CLANG_WARN_UNREACHABLE_CODE = YES;
				CLANG_WARN__DUPLICATE_METHOD_MATCH = YES;
				COPY_PHASE_STRIP = NO;
				DEBUG_INFORMATION_FORMAT = "dwarf-with-dsym";
				ENABLE_NS_ASSERTIONS = NO;
				ENABLE_STRICT_OBJC_MSGSEND = YES;
				GCC_C_LANGUAGE_STANDARD = gnu11;
				GCC_NO_COMMON_BLOCKS = YES;
				GCC_WARN_64_TO_32_BIT_CONVERSION = YES;
				GCC_WARN_ABOUT_RETURN_TYPE = YES_ERROR;
				GCC_WARN_UNDECLARED_SELECTOR = YES;
				GCC_WARN_UNINITIALIZED_AUTOS = YES_AGGRESSIVE;
				GCC_WARN_UNUSED_FUNCTION = YES;
				GCC_WARN_UNUSED_VARIABLE = YES;
				IPHONEOS_DEPLOYMENT_TARGET = 14.2;
				MTL_ENABLE_DEBUG_INFO = NO;
				MTL_FAST_MATH = YES;
				SDKROOT = iphoneos;
				SWIFT_COMPILATION_MODE = wholemodule;
				SWIFT_OPTIMIZATION_LEVEL = "-O";
				VALIDATE_PRODUCT = YES;
			};
			name = Release;
		};
		DE5742C425BABAE600C26081 /* Debug */ = {
			isa = XCBuildConfiguration;
			buildSettings = {
				ASSETCATALOG_COMPILER_APPICON_NAME = AppIcon;
				ASSETCATALOG_COMPILER_GLOBAL_ACCENT_COLOR_NAME = AccentColor;
				CODE_SIGN_STYLE = Automatic;
				INFOPLIST_FILE = DemoRxSwift/Info.plist;
				LD_RUNPATH_SEARCH_PATHS = (
					"$(inherited)",
					"@executable_path/Frameworks",
				);
				PRODUCT_BUNDLE_IDENTIFIER = com.toannguyen.DemoRxSwift.DemoRxSwift;
				PRODUCT_NAME = "$(TARGET_NAME)";
				SWIFT_VERSION = 5.0;
				TARGETED_DEVICE_FAMILY = "1,2";
			};
			name = Debug;
		};
		DE5742C525BABAE600C26081 /* Release */ = {
			isa = XCBuildConfiguration;
			buildSettings = {
				ASSETCATALOG_COMPILER_APPICON_NAME = AppIcon;
				ASSETCATALOG_COMPILER_GLOBAL_ACCENT_COLOR_NAME = AccentColor;
				CODE_SIGN_STYLE = Automatic;
				INFOPLIST_FILE = DemoRxSwift/Info.plist;
				LD_RUNPATH_SEARCH_PATHS = (
					"$(inherited)",
					"@executable_path/Frameworks",
				);
				PRODUCT_BUNDLE_IDENTIFIER = com.toannguyen.DemoRxSwift.DemoRxSwift;
				PRODUCT_NAME = "$(TARGET_NAME)";
				SWIFT_VERSION = 5.0;
				TARGETED_DEVICE_FAMILY = "1,2";
			};
			name = Release;
		};
		DE5742C725BABAE600C26081 /* Debug */ = {
			isa = XCBuildConfiguration;
			buildSettings = {
				ALWAYS_EMBED_SWIFT_STANDARD_LIBRARIES = YES;
				BUNDLE_LOADER = "$(TEST_HOST)";
				CODE_SIGN_STYLE = Automatic;
				INFOPLIST_FILE = DemoRxSwiftTests/Info.plist;
				IPHONEOS_DEPLOYMENT_TARGET = 14.2;
				LD_RUNPATH_SEARCH_PATHS = (
					"$(inherited)",
					"@executable_path/Frameworks",
					"@loader_path/Frameworks",
				);
				PRODUCT_BUNDLE_IDENTIFIER = com.toannguyen.DemoRxSwift.DemoRxSwiftTests;
				PRODUCT_NAME = "$(TARGET_NAME)";
				SWIFT_VERSION = 5.0;
				TARGETED_DEVICE_FAMILY = "1,2";
				TEST_HOST = "$(BUILT_PRODUCTS_DIR)/DemoRxSwift.app/DemoRxSwift";
			};
			name = Debug;
		};
		DE5742C825BABAE600C26081 /* Release */ = {
			isa = XCBuildConfiguration;
			buildSettings = {
				ALWAYS_EMBED_SWIFT_STANDARD_LIBRARIES = YES;
				BUNDLE_LOADER = "$(TEST_HOST)";
				CODE_SIGN_STYLE = Automatic;
				INFOPLIST_FILE = DemoRxSwiftTests/Info.plist;
				IPHONEOS_DEPLOYMENT_TARGET = 14.2;
				LD_RUNPATH_SEARCH_PATHS = (
					"$(inherited)",
					"@executable_path/Frameworks",
					"@loader_path/Frameworks",
				);
				PRODUCT_BUNDLE_IDENTIFIER = com.toannguyen.DemoRxSwift.DemoRxSwiftTests;
				PRODUCT_NAME = "$(TARGET_NAME)";
				SWIFT_VERSION = 5.0;
				TARGETED_DEVICE_FAMILY = "1,2";
				TEST_HOST = "$(BUILT_PRODUCTS_DIR)/DemoRxSwift.app/DemoRxSwift";
			};
			name = Release;
		};
		DE5742CA25BABAE600C26081 /* Debug */ = {
			isa = XCBuildConfiguration;
			buildSettings = {
				ALWAYS_EMBED_SWIFT_STANDARD_LIBRARIES = YES;
				CODE_SIGN_STYLE = Automatic;
				INFOPLIST_FILE = DemoRxSwiftUITests/Info.plist;
				LD_RUNPATH_SEARCH_PATHS = (
					"$(inherited)",
					"@executable_path/Frameworks",
					"@loader_path/Frameworks",
				);
				PRODUCT_BUNDLE_IDENTIFIER = com.toannguyen.DemoRxSwift.DemoRxSwiftUITests;
				PRODUCT_NAME = "$(TARGET_NAME)";
				SWIFT_VERSION = 5.0;
				TARGETED_DEVICE_FAMILY = "1,2";
				TEST_TARGET_NAME = DemoRxSwift;
			};
			name = Debug;
		};
		DE5742CB25BABAE600C26081 /* Release */ = {
			isa = XCBuildConfiguration;
			buildSettings = {
				ALWAYS_EMBED_SWIFT_STANDARD_LIBRARIES = YES;
				CODE_SIGN_STYLE = Automatic;
				INFOPLIST_FILE = DemoRxSwiftUITests/Info.plist;
				LD_RUNPATH_SEARCH_PATHS = (
					"$(inherited)",
					"@executable_path/Frameworks",
					"@loader_path/Frameworks",
				);
				PRODUCT_BUNDLE_IDENTIFIER = com.toannguyen.DemoRxSwift.DemoRxSwiftUITests;
				PRODUCT_NAME = "$(TARGET_NAME)";
				SWIFT_VERSION = 5.0;
				TARGETED_DEVICE_FAMILY = "1,2";
				TEST_TARGET_NAME = DemoRxSwift;
			};
			name = Release;
		};
/* End XCBuildConfiguration section */

/* Begin XCConfigurationList section */
		DE57429425BABAE200C26081 /* Build configuration list for PBXProject "DemoRxSwift" */ = {
			isa = XCConfigurationList;
			buildConfigurations = (
				DE5742C125BABAE600C26081 /* Debug */,
				DE5742C225BABAE600C26081 /* Release */,
			);
			defaultConfigurationIsVisible = 0;
			defaultConfigurationName = Release;
		};
		DE5742C325BABAE600C26081 /* Build configuration list for PBXNativeTarget "DemoRxSwift" */ = {
			isa = XCConfigurationList;
			buildConfigurations = (
				DE5742C425BABAE600C26081 /* Debug */,
				DE5742C525BABAE600C26081 /* Release */,
			);
			defaultConfigurationIsVisible = 0;
			defaultConfigurationName = Release;
		};
		DE5742C625BABAE600C26081 /* Build configuration list for PBXNativeTarget "DemoRxSwiftTests" */ = {
			isa = XCConfigurationList;
			buildConfigurations = (
				DE5742C725BABAE600C26081 /* Debug */,
				DE5742C825BABAE600C26081 /* Release */,
			);
			defaultConfigurationIsVisible = 0;
			defaultConfigurationName = Release;
		};
		DE5742C925BABAE600C26081 /* Build configuration list for PBXNativeTarget "DemoRxSwiftUITests" */ = {
			isa = XCConfigurationList;
			buildConfigurations = (
				DE5742CA25BABAE600C26081 /* Debug */,
				DE5742CB25BABAE600C26081 /* Release */,
			);
			defaultConfigurationIsVisible = 0;
			defaultConfigurationName = Release;
		};
/* End XCConfigurationList section */
	};
	rootObject = DE57429125BABAE200C26081 /* Project object */;
}
